
Microsoft Visual Studio Solution File, Format Version 12.00
# Visual Studio 2013
VisualStudioVersion = 12.0.21005.1
MinimumVisualStudioVersion = 10.0.40219.1
Project("{2150E333-8FDC-42A3-9474-1A3956D46DE8}") = "Engine", "Engine", "{31408ACC-990D-4C78-BA00-0FC48BC38BDB}"
EndProject
Project("{2150E333-8FDC-42A3-9474-1A3956D46DE8}") = "Games", "Games", "{132BE1EA-88C9-4A74-92FB-7A1A818EA9F1}"
EndProject
Project("{8BC9CEB8-8B4A-11D0-8D11-00A0C91BC942}") = "SurvivalGame", "Intermediate\ProjectFiles\SurvivalGame.vcxproj", "{4DBCF9CA-67B0-48D4-832A-CDD27B003E1D}"
EndProject
Project("{8BC9CEB8-8B4A-11D0-8D11-00A0C91BC942}") = "UE4", "Intermediate\ProjectFiles\UE4.vcxproj", "{067A7E43-7C25-42BF-AF90-62729A85794A}"
EndProject
Global
	GlobalSection(SolutionConfigurationPlatforms) = preSolution
		DebugGame Editor|Windows = DebugGame Editor|Windows
		DebugGame|Windows = DebugGame|Windows
		Development Editor|Windows = Development Editor|Windows
		Development|Windows = Development|Windows
		Shipping|Windows = Shipping|Windows
	EndGlobalSection
	GlobalSection(ProjectConfigurationPlatforms) = postSolution
		{4DBCF9CA-67B0-48D4-832A-CDD27B003E1D}.DebugGame Editor|Windows.ActiveCfg = DebugGame_Editor|x64
		{4DBCF9CA-67B0-48D4-832A-CDD27B003E1D}.DebugGame Editor|Windows.Build.0 = DebugGame_Editor|x64
		{4DBCF9CA-67B0-48D4-832A-CDD27B003E1D}.DebugGame|Windows.ActiveCfg = DebugGame_Game|x64
		{4DBCF9CA-67B0-48D4-832A-CDD27B003E1D}.DebugGame|Windows.Build.0 = DebugGame_Game|x64
		{4DBCF9CA-67B0-48D4-832A-CDD27B003E1D}.Development Editor|Windows.ActiveCfg = Development_Editor|x64
		{4DBCF9CA-67B0-48D4-832A-CDD27B003E1D}.Development Editor|Windows.Build.0 = Development_Editor|x64
		{4DBCF9CA-67B0-48D4-832A-CDD27B003E1D}.Development|Windows.ActiveCfg = Development_Game|x64
		{4DBCF9CA-67B0-48D4-832A-CDD27B003E1D}.Development|Windows.Build.0 = Development_Game|x64
		{4DBCF9CA-67B0-48D4-832A-CDD27B003E1D}.Shipping|Windows.ActiveCfg = Shipping_Game|Win32
		{4DBCF9CA-67B0-48D4-832A-CDD27B003E1D}.Shipping|Windows.Build.0 = Shipping_Game|Win32
		{067A7E43-7C25-42BF-AF90-62729A85794A}.DebugGame Editor|Windows.ActiveCfg = BuiltWithUnrealBuildTool|Win32
		{067A7E43-7C25-42BF-AF90-62729A85794A}.DebugGame|Windows.ActiveCfg = BuiltWithUnrealBuildTool|Win32
		{067A7E43-7C25-42BF-AF90-62729A85794A}.Development Editor|Windows.ActiveCfg = BuiltWithUnrealBuildTool|Win32
		{067A7E43-7C25-42BF-AF90-62729A85794A}.Development|Windows.ActiveCfg = BuiltWithUnrealBuildTool|Win32
		{067A7E43-7C25-42BF-AF90-62729A85794A}.Shipping|Windows.ActiveCfg = BuiltWithUnrealBuildTool|Win32
	EndGlobalSection
	GlobalSection(SolutionProperties) = preSolution
		HideSolutionNode = FALSE
	EndGlobalSection
	GlobalSection(NestedProjects) = preSolution
		{067A7E43-7C25-42BF-AF90-62729A85794A} = {31408ACC-990D-4C78-BA00-0FC48BC38BDB}
		{4DBCF9CA-67B0-48D4-832A-CDD27B003E1D} = {132BE1EA-88C9-4A74-92FB-7A1A818EA9F1}
	EndGlobalSection
EndGlobal
