
Microsoft Visual Studio Solution File, Format Version 12.00
# Visual Studio 14
VisualStudioVersion = 14.0.22310.1
MinimumVisualStudioVersion = 10.0.40219.1
Project("{2150E333-8FDC-42A3-9474-1A3956D46DE8}") = "Engine", "Engine", "{C8260A38-2559-4624-B7A2-AD23F0DF30E6}"
EndProject
Project("{2150E333-8FDC-42A3-9474-1A3956D46DE8}") = "Games", "Games", "{CB66A46C-7C3A-49D0-868B-108D07C7BB70}"
EndProject
Project("{8BC9CEB8-8B4A-11D0-8D11-00A0C91BC942}") = "UE4", "Intermediate\ProjectFiles\UE4.vcxproj", "{299747F4-5269-429A-90E0-A938C762E363}"
EndProject
Project("{8BC9CEB8-8B4A-11D0-8D11-00A0C91BC942}") = "SurvivalGame", "Intermediate\ProjectFiles\SurvivalGame.vcxproj", "{BF97100C-EE26-49ED-8143-B9F6023BEB7D}"
EndProject
Global
	GlobalSection(SolutionConfigurationPlatforms) = preSolution
		DebugGame Editor|HTML5 = DebugGame Editor|HTML5
		DebugGame Editor|Win32 = DebugGame Editor|Win32
		DebugGame Editor|Win64 = DebugGame Editor|Win64
		DebugGame|HTML5 = DebugGame|HTML5
		DebugGame|Win32 = DebugGame|Win32
		DebugGame|Win64 = DebugGame|Win64
		Development Editor|HTML5 = Development Editor|HTML5
		Development Editor|Win32 = Development Editor|Win32
		Development Editor|Win64 = Development Editor|Win64
		Development|HTML5 = Development|HTML5
		Development|Win32 = Development|Win32
		Development|Win64 = Development|Win64
		Shipping|HTML5 = Shipping|HTML5
		Shipping|Win32 = Shipping|Win32
		Shipping|Win64 = Shipping|Win64
	EndGlobalSection
	GlobalSection(ProjectConfigurationPlatforms) = postSolution
		{BF97100C-EE26-49ED-8143-B9F6023BEB7D}.DebugGame Editor|HTML5.ActiveCfg = HTML5_DebugGame_Editor|Win32
		{BF97100C-EE26-49ED-8143-B9F6023BEB7D}.DebugGame Editor|Win32.ActiveCfg = DebugGame_Editor|Win32
		{BF97100C-EE26-49ED-8143-B9F6023BEB7D}.DebugGame Editor|Win64.ActiveCfg = DebugGame_Editor|x64
		{BF97100C-EE26-49ED-8143-B9F6023BEB7D}.DebugGame Editor|Win64.Build.0 = DebugGame_Editor|x64
		{BF97100C-EE26-49ED-8143-B9F6023BEB7D}.DebugGame|HTML5.ActiveCfg = HTML5_DebugGame_Game|Win32
		{BF97100C-EE26-49ED-8143-B9F6023BEB7D}.DebugGame|HTML5.Build.0 = HTML5_DebugGame_Game|Win32
		{BF97100C-EE26-49ED-8143-B9F6023BEB7D}.DebugGame|Win32.ActiveCfg = DebugGame_Game|Win32
		{BF97100C-EE26-49ED-8143-B9F6023BEB7D}.DebugGame|Win32.Build.0 = DebugGame_Game|Win32
		{BF97100C-EE26-49ED-8143-B9F6023BEB7D}.DebugGame|Win64.ActiveCfg = DebugGame_Game|x64
		{BF97100C-EE26-49ED-8143-B9F6023BEB7D}.DebugGame|Win64.Build.0 = DebugGame_Game|x64
		{BF97100C-EE26-49ED-8143-B9F6023BEB7D}.Development Editor|HTML5.ActiveCfg = HTML5_Development_Editor|Win32
		{BF97100C-EE26-49ED-8143-B9F6023BEB7D}.Development Editor|Win32.ActiveCfg = Development_Editor|Win32
		{BF97100C-EE26-49ED-8143-B9F6023BEB7D}.Development Editor|Win64.ActiveCfg = Development_Editor|x64
		{BF97100C-EE26-49ED-8143-B9F6023BEB7D}.Development Editor|Win64.Build.0 = Development_Editor|x64
		{BF97100C-EE26-49ED-8143-B9F6023BEB7D}.Development|HTML5.ActiveCfg = HTML5_Development_Game|Win32
		{BF97100C-EE26-49ED-8143-B9F6023BEB7D}.Development|HTML5.Build.0 = HTML5_Development_Game|Win32
		{BF97100C-EE26-49ED-8143-B9F6023BEB7D}.Development|Win32.ActiveCfg = Development_Game|Win32
		{BF97100C-EE26-49ED-8143-B9F6023BEB7D}.Development|Win32.Build.0 = Development_Game|Win32
		{BF97100C-EE26-49ED-8143-B9F6023BEB7D}.Development|Win64.ActiveCfg = Development_Game|x64
		{BF97100C-EE26-49ED-8143-B9F6023BEB7D}.Development|Win64.Build.0 = Development_Game|x64
		{BF97100C-EE26-49ED-8143-B9F6023BEB7D}.Shipping|HTML5.ActiveCfg = HTML5_Shipping_Game|Win32
		{BF97100C-EE26-49ED-8143-B9F6023BEB7D}.Shipping|HTML5.Build.0 = HTML5_Shipping_Game|Win32
		{BF97100C-EE26-49ED-8143-B9F6023BEB7D}.Shipping|Win32.ActiveCfg = Shipping_Game|Win32
		{BF97100C-EE26-49ED-8143-B9F6023BEB7D}.Shipping|Win32.Build.0 = Shipping_Game|Win32
		{BF97100C-EE26-49ED-8143-B9F6023BEB7D}.Shipping|Win64.ActiveCfg = Shipping_Game|x64
		{BF97100C-EE26-49ED-8143-B9F6023BEB7D}.Shipping|Win64.Build.0 = Shipping_Game|x64
	EndGlobalSection
	GlobalSection(SolutionProperties) = preSolution
		HideSolutionNode = FALSE
	EndGlobalSection
	GlobalSection(NestedProjects) = preSolution
		{299747F4-5269-429A-90E0-A938C762E363} = {C8260A38-2559-4624-B7A2-AD23F0DF30E6}
		{BF97100C-EE26-49ED-8143-B9F6023BEB7D} = {CB66A46C-7C3A-49D0-868B-108D07C7BB70}
	EndGlobalSection
EndGlobal
